
Microsoft Visual Studio Solution File, Format Version 12.00
# Visual Studio Version 17
VisualStudioVersion = 17.7.34221.43
MinimumVisualStudioVersion = 10.0.40219.1
Project("{FAE04EC0-301F-11D3-BF4B-00C04F79EFBC}") = "number test", "number test\number test.csproj", "{9C5B88A8-CDD6-4F1C-B137-547F97C3540C}"
EndProject
Global
	GlobalSection(SolutionConfigurationPlatforms) = preSolution
		Debug|Any CPU = Debug|Any CPU
		Release|Any CPU = Release|Any CPU
	EndGlobalSection
	GlobalSection(ProjectConfigurationPlatforms) = postSolution
		{9C5B88A8-CDD6-4F1C-B137-547F97C3540C}.Debug|Any CPU.ActiveCfg = Debug|Any CPU
		{9C5B88A8-CDD6-4F1C-B137-547F97C3540C}.Debug|Any CPU.Build.0 = Debug|Any CPU
		{9C5B88A8-CDD6-4F1C-B137-547F97C3540C}.Release|Any CPU.ActiveCfg = Release|Any CPU
		{9C5B88A8-CDD6-4F1C-B137-547F97C3540C}.Release|Any CPU.Build.0 = Release|Any CPU
	EndGlobalSection
	GlobalSection(SolutionProperties) = preSolution
		HideSolutionNode = FALSE
	EndGlobalSection
	GlobalSection(ExtensibilityGlobals) = postSolution
		SolutionGuid = {D62CAC98-A731-48A1-A317-E2AA76F45CFF}
	EndGlobalSection
EndGlobal
